
Microsoft Visual Studio Solution File, Format Version 12.00
# Visual Studio Version 16
VisualStudioVersion = 16.0.29326.143
MinimumVisualStudioVersion = 10.0.40219.1
Project("{FAE04EC0-301F-11D3-BF4B-00C04F79EFBC}") = "MangasFan-Bot", "MangasFan-Bot\MangasFan-Bot.csproj", "{22D5A32E-9A98-4EFC-913F-DDE480B882E2}"
EndProject
Global
	GlobalSection(SolutionConfigurationPlatforms) = preSolution
		Debug|Any CPU = Debug|Any CPU
		Release|Any CPU = Release|Any CPU
	EndGlobalSection
	GlobalSection(ProjectConfigurationPlatforms) = postSolution
		{22D5A32E-9A98-4EFC-913F-DDE480B882E2}.Debug|Any CPU.ActiveCfg = Debug|Any CPU
		{22D5A32E-9A98-4EFC-913F-DDE480B882E2}.Debug|Any CPU.Build.0 = Debug|Any CPU
		{22D5A32E-9A98-4EFC-913F-DDE480B882E2}.Release|Any CPU.ActiveCfg = Release|Any CPU
		{22D5A32E-9A98-4EFC-913F-DDE480B882E2}.Release|Any CPU.Build.0 = Release|Any CPU
	EndGlobalSection
	GlobalSection(SolutionProperties) = preSolution
		HideSolutionNode = FALSE
	EndGlobalSection
	GlobalSection(ExtensibilityGlobals) = postSolution
		SolutionGuid = {6070FAA5-C3D3-407C-A748-9F7B36F7C5CB}
	EndGlobalSection
EndGlobal
